
Microsoft Visual Studio Solution File, Format Version 12.00
# Visual Studio Version 17
VisualStudioVersion = 17.14.36109.1 d17.14
MinimumVisualStudioVersion = 10.0.40219.1
Project("{FAE04EC0-301F-11D3-BF4B-00C04F79EFBC}") = "APIGatewayIS", "APIGatewayIS.csproj", "{C5E97B6E-B6C5-4920-8E16-E377A93F0E69}"
EndProject
Global
	GlobalSection(SolutionConfigurationPlatforms) = preSolution
		Debug|Any CPU = Debug|Any CPU
		Release|Any CPU = Release|Any CPU
	EndGlobalSection
	GlobalSection(ProjectConfigurationPlatforms) = postSolution
		{C5E97B6E-B6C5-4920-8E16-E377A93F0E69}.Debug|Any CPU.ActiveCfg = Debug|Any CPU
		{C5E97B6E-B6C5-4920-8E16-E377A93F0E69}.Debug|Any CPU.Build.0 = Debug|Any CPU
		{C5E97B6E-B6C5-4920-8E16-E377A93F0E69}.Release|Any CPU.ActiveCfg = Release|Any CPU
		{C5E97B6E-B6C5-4920-8E16-E377A93F0E69}.Release|Any CPU.Build.0 = Release|Any CPU
	EndGlobalSection
	GlobalSection(SolutionProperties) = preSolution
		HideSolutionNode = FALSE
	EndGlobalSection
	GlobalSection(ExtensibilityGlobals) = postSolution
		SolutionGuid = {50D8468A-834B-4A9B-9867-B0017D673892}
	EndGlobalSection
EndGlobal
